
Microsoft Visual Studio Solution File, Format Version 12.00
# Visual Studio 15
VisualStudioVersion = 15.0.28307.421
MinimumVisualStudioVersion = 10.0.40219.1
Project("{FAE04EC0-301F-11D3-BF4B-00C04F79EFBC}") = "Proba", "Proba\Proba.csproj", "{0751927A-5D7C-4B97-8E32-01CE487D3923}"
EndProject
Global
	GlobalSection(SolutionConfigurationPlatforms) = preSolution
		Debug|Any CPU = Debug|Any CPU
		Release|Any CPU = Release|Any CPU
	EndGlobalSection
	GlobalSection(ProjectConfigurationPlatforms) = postSolution
		{0751927A-5D7C-4B97-8E32-01CE487D3923}.Debug|Any CPU.ActiveCfg = Debug|Any CPU
		{0751927A-5D7C-4B97-8E32-01CE487D3923}.Debug|Any CPU.Build.0 = Debug|Any CPU
		{0751927A-5D7C-4B97-8E32-01CE487D3923}.Release|Any CPU.ActiveCfg = Release|Any CPU
		{0751927A-5D7C-4B97-8E32-01CE487D3923}.Release|Any CPU.Build.0 = Release|Any CPU
	EndGlobalSection
	GlobalSection(SolutionProperties) = preSolution
		HideSolutionNode = FALSE
	EndGlobalSection
	GlobalSection(ExtensibilityGlobals) = postSolution
		SolutionGuid = {3A540D89-56C6-4CD8-A63C-4D447B343265}
	EndGlobalSection
EndGlobal
